
Microsoft Visual Studio Solution File, Format Version 12.00
# Visual Studio Version 16
VisualStudioVersion = 16.0.31613.86
MinimumVisualStudioVersion = 10.0.40219.1
Project("{9A19103F-16F7-4668-BE54-9A1E7A4F7556}") = "DemoNet5StrideGameWinform", "DemoNet5StrideGameWinform\DemoNet5StrideGameWinform.csproj", "{93F54FDC-2072-4319-99BA-1F1F18B299CE}"
EndProject
Project("{9A19103F-16F7-4668-BE54-9A1E7A4F7556}") = "DemoStrideGame", "DemoStrideGame\DemoStrideGame.csproj", "{3C0DB583-486B-4BBE-8E71-D85E49399077}"
EndProject
Global
	GlobalSection(SolutionConfigurationPlatforms) = preSolution
		Debug|Any CPU = Debug|Any CPU
		Release|Any CPU = Release|Any CPU
	EndGlobalSection
	GlobalSection(ProjectConfigurationPlatforms) = postSolution
		{93F54FDC-2072-4319-99BA-1F1F18B299CE}.Debug|Any CPU.ActiveCfg = Debug|Any CPU
		{93F54FDC-2072-4319-99BA-1F1F18B299CE}.Debug|Any CPU.Build.0 = Debug|Any CPU
		{93F54FDC-2072-4319-99BA-1F1F18B299CE}.Release|Any CPU.ActiveCfg = Release|Any CPU
		{93F54FDC-2072-4319-99BA-1F1F18B299CE}.Release|Any CPU.Build.0 = Release|Any CPU
		{3C0DB583-486B-4BBE-8E71-D85E49399077}.Debug|Any CPU.ActiveCfg = Debug|Any CPU
		{3C0DB583-486B-4BBE-8E71-D85E49399077}.Debug|Any CPU.Build.0 = Debug|Any CPU
		{3C0DB583-486B-4BBE-8E71-D85E49399077}.Release|Any CPU.ActiveCfg = Release|Any CPU
		{3C0DB583-486B-4BBE-8E71-D85E49399077}.Release|Any CPU.Build.0 = Release|Any CPU
	EndGlobalSection
	GlobalSection(SolutionProperties) = preSolution
		HideSolutionNode = FALSE
	EndGlobalSection
	GlobalSection(ExtensibilityGlobals) = postSolution
		SolutionGuid = {9DDA9C2A-2211-41C9-B3C0-B075A8929B5F}
	EndGlobalSection
EndGlobal
